// !$*UTF8*$!
{
	archiveVersion = 1;
	classes = {
	};
	objectVersion = 50;
	objects = {

/* Begin PBXBuildFile section */
		A6206AE926AD1FF7007FD8FE /* AppDelegate.swift in Sources */ = {isa = PBXBuildFile; fileRef = A6206AE826AD1FF7007FD8FE /* AppDelegate.swift */; };
		A6206AEB26AD1FF7007FD8FE /* SceneDelegate.swift in Sources */ = {isa = PBXBuildFile; fileRef = A6206AEA26AD1FF7007FD8FE /* SceneDelegate.swift */; };
		A6206AED26AD1FF7007FD8FE /* ContentView.swift in Sources */ = {isa = PBXBuildFile; fileRef = A6206AEC26AD1FF7007FD8FE /* ContentView.swift */; };
		A6206AEF26AD1FF9007FD8FE /* Assets.xcassets in Resources */ = {isa = PBXBuildFile; fileRef = A6206AEE26AD1FF9007FD8FE /* Assets.xcassets */; };
		A6206AF226AD1FF9007FD8FE /* Preview Assets.xcassets in Resources */ = {isa = PBXBuildFile; fileRef = A6206AF126AD1FF9007FD8FE /* Preview Assets.xcassets */; };
		A6206AF526AD1FF9007FD8FE /* LaunchScreen.storyboard in Resources */ = {isa = PBXBuildFile; fileRef = A6206AF326AD1FF9007FD8FE /* LaunchScreen.storyboard */; };
/* End PBXBuildFile section */

/* Begin PBXFileReference section */
		A6206AE526AD1FF7007FD8FE /* iOS Getting Started.app */ = {isa = PBXFileReference; explicitFileType = wrapper.application; includeInIndex = 0; path = "iOS Getting Started.app"; sourceTree = BUILT_PRODUCTS_DIR; };
		A6206AE826AD1FF7007FD8FE /* AppDelegate.swift */ = {isa = PBXFileReference; lastKnownFileType = sourcecode.swift; path = AppDelegate.swift; sourceTree = "<group>"; };
		A6206AEA26AD1FF7007FD8FE /* SceneDelegate.swift */ = {isa = PBXFileReference; lastKnownFileType = sourcecode.swift; path = SceneDelegate.swift; sourceTree = "<group>"; };
		A6206AEC26AD1FF7007FD8FE /* ContentView.swift */ = {isa = PBXFileReference; lastKnownFileType = sourcecode.swift; path = ContentView.swift; sourceTree = "<group>"; };
		A6206AEE26AD1FF9007FD8FE /* Assets.xcassets */ = {isa = PBXFileReference; lastKnownFileType = folder.assetcatalog; path = Assets.xcassets; sourceTree = "<group>"; };
		A6206AF126AD1FF9007FD8FE /* Preview Assets.xcassets */ = {isa = PBXFileReference; lastKnownFileType = folder.assetcatalog; path = "Preview Assets.xcassets"; sourceTree = "<group>"; };
		A6206AF426AD1FF9007FD8FE /* Base */ = {isa = PBXFileReference; lastKnownFileType = file.storyboard; name = Base; path = Base.lproj/LaunchScreen.storyboard; sourceTree = "<group>"; };
		A6206AF626AD1FF9007FD8FE /* Info.plist */ = {isa = PBXFileReference; lastKnownFileType = text.plist.xml; path = Info.plist; sourceTree = "<group>"; };
/* End PBXFileReference section */

/* Begin PBXFrameworksBuildPhase section */
		A6206AE226AD1FF7007FD8FE /* Frameworks */ = {
			isa = PBXFrameworksBuildPhase;
			buildActionMask = 2147483647;
			files = (
			);
			runOnlyForDeploymentPostprocessing = 0;
		};
/* End PBXFrameworksBuildPhase section */

/* Begin PBXGroup section */
		A6206ADC26AD1FF7007FD8FE = {
			isa = PBXGroup;
			children = (
				A6206AE726AD1FF7007FD8FE /* iOS Getting Started */,
				A6206AE626AD1FF7007FD8FE /* Products */,
			);
			sourceTree = "<group>";
		};
		A6206AE626AD1FF7007FD8FE /* Products */ = {
			isa = PBXGroup;
			children = (
				A6206AE526AD1FF7007FD8FE /* iOS Getting Started.app */,
			);
			name = Products;
			sourceTree = "<group>";
		};
		A6206AE726AD1FF7007FD8FE /* iOS Getting Started */ = {
			isa = PBXGroup;
			children = (
				A6206AE826AD1FF7007FD8FE /* AppDelegate.swift */,
				A6206AEA26AD1FF7007FD8FE /* SceneDelegate.swift */,
				A6206AEC26AD1FF7007FD8FE /* ContentView.swift */,
				A6206AEE26AD1FF9007FD8FE /* Assets.xcassets */,
				A6206AF326AD1FF9007FD8FE /* LaunchScreen.storyboard */,
				A6206AF626AD1FF9007FD8FE /* Info.plist */,
				A6206AF026AD1FF9007FD8FE /* Preview Content */,
			);
			path = "iOS Getting Started";
			sourceTree = "<group>";
		};
		A6206AF026AD1FF9007FD8FE /* Preview Content */ = {
			isa = PBXGroup;
			children = (
				A6206AF126AD1FF9007FD8FE /* Preview Assets.xcassets */,
			);
			path = "Preview Content";
			sourceTree = "<group>";
		};
/* End PBXGroup section */

/* Begin PBXNativeTarget section */
		A6206AE426AD1FF7007FD8FE /* iOS Getting Started */ = {
			isa = PBXNativeTarget;
			buildConfigurationList = A6206AF926AD1FF9007FD8FE /* Build configuration list for PBXNativeTarget "iOS Getting Started" */;
			buildPhases = (
				A6206AE126AD1FF7007FD8FE /* Sources */,
				A6206AE226AD1FF7007FD8FE /* Frameworks */,
				A6206AE326AD1FF7007FD8FE /* Resources */,
			);
			buildRules = (
			);
			dependencies = (
			);
			name = "iOS Getting Started";
			productName = "iOS Getting Started";
			productReference = A6206AE526AD1FF7007FD8FE /* iOS Getting Started.app */;
			productType = "com.apple.product-type.application";
		};
/* End PBXNativeTarget section */

/* Begin PBXProject section */
		A6206ADD26AD1FF7007FD8FE /* Project object */ = {
			isa = PBXProject;
			attributes = {
				LastSwiftUpdateCheck = 1250;
				LastUpgradeCheck = 1250;
				TargetAttributes = {
					A6206AE426AD1FF7007FD8FE = {
						CreatedOnToolsVersion = 12.5.1;
					};
				};
			};
			buildConfigurationList = A6206AE026AD1FF7007FD8FE /* Build configuration list for PBXProject "iOS Getting Started" */;
			compatibilityVersion = "Xcode 9.3";
			developmentRegion = en;
			hasScannedForEncodings = 0;
			knownRegions = (
				en,
				Base,
			);
			mainGroup = A6206ADC26AD1FF7007FD8FE;
			productRefGroup = A6206AE626AD1FF7007FD8FE /* Products */;
			projectDirPath = "";
			projectRoot = "";
			targets = (
				A6206AE426AD1FF7007FD8FE /* iOS Getting Started */,
			);
		};
/* End PBXProject section */

/* Begin PBXResourcesBuildPhase section */
		A6206AE326AD1FF7007FD8FE /* Resources */ = {
			isa = PBXResourcesBuildPhase;
			buildActionMask = 2147483647;
			files = (
				A6206AF526AD1FF9007FD8FE /* LaunchScreen.storyboard in Resources */,
				A6206AF226AD1FF9007FD8FE /* Preview Assets.xcassets in Resources */,
				A6206AEF26AD1FF9007FD8FE /* Assets.xcassets in Resources */,
			);
			runOnlyForDeploymentPostprocessing = 0;
		};
/* End PBXResourcesBuildPhase section */

/* Begin PBXSourcesBuildPhase section */
		A6206AE126AD1FF7007FD8FE /* Sources */ = {
			isa = PBXSourcesBuildPhase;
			buildActionMask = 2147483647;
			files = (
				A6206AE926AD1FF7007FD8FE /* AppDelegate.swift in Sources */,
				A6206AEB26AD1FF7007FD8FE /* SceneDelegate.swift in Sources */,
				A6206AED26AD1FF7007FD8FE /* ContentView.swift in Sources */,
			);
			runOnlyForDeploymentPostprocessing = 0;
		};
/* End PBXSourcesBuildPhase section */

/* Begin PBXVariantGroup section */
		A6206AF326AD1FF9007FD8FE /* LaunchScreen.storyboard */ = {
			isa = PBXVariantGroup;
			children = (
				A6206AF426AD1FF9007FD8FE /* Base */,
			);
			name = LaunchScreen.storyboard;
			sourceTree = "<group>";
		};
/* End PBXVariantGroup section */

/* Begin XCBuildConfiguration section */
		A6206AF726AD1FF9007FD8FE /* Debug */ = {
			isa = XCBuildConfiguration;
			buildSettings = {
				ALWAYS_SEARCH_USER_PATHS = NO;
				CLANG_ANALYZER_NONNULL = YES;
				CLANG_ANALYZER_NUMBER_OBJECT_CONVERSION = YES_AGGRESSIVE;
				CLANG_CXX_LANGUAGE_STANDARD = "gnu++14";
				CLANG_CXX_LIBRARY = "libc++";
				CLANG_ENABLE_MODULES = YES;
				CLANG_ENABLE_OBJC_ARC = YES;
				CLANG_ENABLE_OBJC_WEAK = YES;
				CLANG_WARN_BLOCK_CAPTURE_AUTORELEASING = YES;
				CLANG_WARN_BOOL_CONVERSION = YES;
				CLANG_WARN_COMMA = YES;
				CLANG_WARN_CONSTANT_CONVERSION = YES;
				CLANG_WARN_DEPRECATED_OBJC_IMPLEMENTATIONS = YES;
				CLANG_WARN_DIRECT_OBJC_ISA_USAGE = YES_ERROR;
				CLANG_WARN_DOCUMENTATION_COMMENTS = YES;
				CLANG_WARN_EMPTY_BODY = YES;
				CLANG_WARN_ENUM_CONVERSION = YES;
				CLANG_WARN_INFINITE_RECURSION = YES;
				CLANG_WARN_INT_CONVERSION = YES;
				CLANG_WARN_NON_LITERAL_NULL_CONVERSION = YES;
				CLANG_WARN_OBJC_IMPLICIT_RETAIN_SELF = YES;
				CLANG_WARN_OBJC_LITERAL_CONVERSION = YES;
				CLANG_WARN_OBJC_ROOT_CLASS = YES_ERROR;
				CLANG_WARN_QUOTED_INCLUDE_IN_FRAMEWORK_HEADER = YES;
				CLANG_WARN_RANGE_LOOP_ANALYSIS = YES;
				CLANG_WARN_STRICT_PROTOTYPES = YES;
				CLANG_WARN_SUSPICIOUS_MOVE = YES;
				CLANG_WARN_UNGUARDED_AVAILABILITY = YES_AGGRESSIVE;
				CLANG_WARN_UNREACHABLE_CODE = YES;
				CLANG_WARN__DUPLICATE_METHOD_MATCH = YES;
				COPY_PHASE_STRIP = NO;
				DEBUG_INFORMATION_FORMAT = dwarf;
				ENABLE_STRICT_OBJC_MSGSEND = YES;
				ENABLE_TESTABILITY = YES;
				GCC_C_LANGUAGE_STANDARD = gnu11;
				GCC_DYNAMIC_NO_PIC = NO;
				GCC_NO_COMMON_BLOCKS = YES;
				GCC_OPTIMIZATION_LEVEL = 0;
				GCC_PREPROCESSOR_DEFINITIONS = (
					"DEBUG=1",
					"$(inherited)",
				);
				GCC_WARN_64_TO_32_BIT_CONVERSION = YES;
				GCC_WARN_ABOUT_RETURN_TYPE = YES_ERROR;
				GCC_WARN_UNDECLARED_SELECTOR = YES;
				GCC_WARN_UNINITIALIZED_AUTOS = YES_AGGRESSIVE;
				GCC_WARN_UNUSED_FUNCTION = YES;
				GCC_WARN_UNUSED_VARIABLE = YES;
				IPHONEOS_DEPLOYMENT_TARGET = 14.5;
				MTL_ENABLE_DEBUG_INFO = INCLUDE_SOURCE;
				MTL_FAST_MATH = YES;
				ONLY_ACTIVE_ARCH = YES;
				SDKROOT = iphoneos;
				SWIFT_ACTIVE_COMPILATION_CONDITIONS = DEBUG;
				SWIFT_OPTIMIZATION_LEVEL = "-Onone";
			};
			name = Debug;
		};
		A6206AF826AD1FF9007FD8FE /* Release */ = {
			isa = XCBuildConfiguration;
			buildSettings = {
				ALWAYS_SEARCH_USER_PATHS = NO;
				CLANG_ANALYZER_NONNULL = YES;
				CLANG_ANALYZER_NUMBER_OBJECT_CONVERSION = YES_AGGRESSIVE;
				CLANG_CXX_LANGUAGE_STANDARD = "gnu++14";
				CLANG_CXX_LIBRARY = "libc++";
				CLANG_ENABLE_MODULES = YES;
				CLANG_ENABLE_OBJC_ARC = YES;
				CLANG_ENABLE_OBJC_WEAK = YES;
				CLANG_WARN_BLOCK_CAPTURE_AUTORELEASING = YES;
				CLANG_WARN_BOOL_CONVERSION = YES;
				CLANG_WARN_COMMA = YES;
				CLANG_WARN_CONSTANT_CONVERSION = YES;
				CLANG_WARN_DEPRECATED_OBJC_IMPLEMENTATIONS = YES;
				CLANG_WARN_DIRECT_OBJC_ISA_USAGE = YES_ERROR;
				CLANG_WARN_DOCUMENTATION_COMMENTS = YES;
				CLANG_WARN_EMPTY_BODY = YES;
				CLANG_WARN_ENUM_CONVERSION = YES;
				CLANG_WARN_INFINITE_RECURSION = YES;
				CLANG_WARN_INT_CONVERSION = YES;
				CLANG_WARN_NON_LITERAL_NULL_CONVERSION = YES;
				CLANG_WARN_OBJC_IMPLICIT_RETAIN_SELF = YES;
				CLANG_WARN_OBJC_LITERAL_CONVERSION = YES;
				CLANG_WARN_OBJC_ROOT_CLASS = YES_ERROR;
				CLANG_WARN_QUOTED_INCLUDE_IN_FRAMEWORK_HEADER = YES;
				CLANG_WARN_RANGE_LOOP_ANALYSIS = YES;
				CLANG_WARN_STRICT_PROTOTYPES = YES;
				CLANG_WARN_SUSPICIOUS_MOVE = YES;
				CLANG_WARN_UNGUARDED_AVAILABILITY = YES_AGGRESSIVE;
				CLANG_WARN_UNREACHABLE_CODE = YES;
				CLANG_WARN__DUPLICATE_METHOD_MATCH = YES;
				COPY_PHASE_STRIP = NO;
				DEBUG_INFORMATION_FORMAT = "dwarf-with-dsym";
				ENABLE_NS_ASSERTIONS = NO;
				ENABLE_STRICT_OBJC_MSGSEND = YES;
				GCC_C_LANGUAGE_STANDARD = gnu11;
				GCC_NO_COMMON_BLOCKS = YES;
				GCC_WARN_64_TO_32_BIT_CONVERSION = YES;
				GCC_WARN_ABOUT_RETURN_TYPE = YES_ERROR;
				GCC_WARN_UNDECLARED_SELECTOR = YES;
				GCC_WARN_UNINITIALIZED_AUTOS = YES_AGGRESSIVE;
				GCC_WARN_UNUSED_FUNCTION = YES;
				GCC_WARN_UNUSED_VARIABLE = YES;
				IPHONEOS_DEPLOYMENT_TARGET = 14.5;
				MTL_ENABLE_DEBUG_INFO = NO;
				MTL_FAST_MATH = YES;
				SDKROOT = iphoneos;
				SWIFT_COMPILATION_MODE = wholemodule;
				SWIFT_OPTIMIZATION_LEVEL = "-O";
				VALIDATE_PRODUCT = YES;
			};
			name = Release;
		};
		A6206AFA26AD1FF9007FD8FE /* Debug */ = {
			isa = XCBuildConfiguration;
			buildSettings = {
				ASSETCATALOG_COMPILER_APPICON_NAME = AppIcon;
				ASSETCATALOG_COMPILER_GLOBAL_ACCENT_COLOR_NAME = AccentColor;
				CODE_SIGN_STYLE = Automatic;
				DEVELOPMENT_ASSET_PATHS = "\"iOS Getting Started/Preview Content\"";
				DEVELOPMENT_TEAM = QC2SUW2575;
				ENABLE_PREVIEWS = YES;
				INFOPLIST_FILE = "iOS Getting Started/Info.plist";
				LD_RUNPATH_SEARCH_PATHS = (
					"$(inherited)",
					"@executable_path/Frameworks",
				);
				PRODUCT_BUNDLE_IDENTIFIER = "tomoyaki.iOS-Getting-Started";
				PRODUCT_NAME = "$(TARGET_NAME)";
				SWIFT_VERSION = 5.0;
				TARGETED_DEVICE_FAMILY = "1,2";
			};
			name = Debug;
		};
		A6206AFB26AD1FF9007FD8FE /* Release */ = {
			isa = XCBuildConfiguration;
			buildSettings = {
				ASSETCATALOG_COMPILER_APPICON_NAME = AppIcon;
				ASSETCATALOG_COMPILER_GLOBAL_ACCENT_COLOR_NAME = AccentColor;
				CODE_SIGN_STYLE = Automatic;
				DEVELOPMENT_ASSET_PATHS = "\"iOS Getting Started/Preview Content\"";
				DEVELOPMENT_TEAM = QC2SUW2575;
				ENABLE_PREVIEWS = YES;
				INFOPLIST_FILE = "iOS Getting Started/Info.plist";
				LD_RUNPATH_SEARCH_PATHS = (
					"$(inherited)",
					"@executable_path/Frameworks",
				);
				PRODUCT_BUNDLE_IDENTIFIER = "tomoyaki.iOS-Getting-Started";
				PRODUCT_NAME = "$(TARGET_NAME)";
				SWIFT_VERSION = 5.0;
				TARGETED_DEVICE_FAMILY = "1,2";
			};
			name = Release;
		};
/* End XCBuildConfiguration section */

/* Begin XCConfigurationList section */
		A6206AE026AD1FF7007FD8FE /* Build configuration list for PBXProject "iOS Getting Started" */ = {
			isa = XCConfigurationList;
			buildConfigurations = (
				A6206AF726AD1FF9007FD8FE /* Debug */,
				A6206AF826AD1FF9007FD8FE /* Release */,
			);
			defaultConfigurationIsVisible = 0;
			defaultConfigurationName = Release;
		};
		A6206AF926AD1FF9007FD8FE /* Build configuration list for PBXNativeTarget "iOS Getting Started" */ = {
			isa = XCConfigurationList;
			buildConfigurations = (
				A6206AFA26AD1FF9007FD8FE /* Debug */,
				A6206AFB26AD1FF9007FD8FE /* Release */,
			);
			defaultConfigurationIsVisible = 0;
			defaultConfigurationName = Release;
		};
/* End XCConfigurationList section */
	};
	rootObject = A6206ADD26AD1FF7007FD8FE /* Project object */;
}
